github.com/wushilin/future v1.0.0 h1:FvLwUOATknEoBFg60XeFzZrz7loQtffbRRfwq5waxtQ=
github.com/wushilin/future v1.0.0/go.mod h1:1Z/3txghGV2FOKQIZM9PaEsW7CocZ/OyIVpu8PXl1VQ=
github.com/wushilin/future v1.0.1 h1:mR6SIpMxQfEx20U9By2EG4lPCtRiNHkMfsPoGL6NKJA=
github.com/wushilin/future v1.0.1/go.mod h1:1Z/3txghGV2FOKQIZM9PaEsW7CocZ/OyIVpu8PXl1VQ=
